
Microsoft Visual Studio Solution File, Format Version 12.00
# Visual Studio Version 17
VisualStudioVersion = 17.12.35527.113 d17.12
MinimumVisualStudioVersion = 10.0.40219.1
Project("{FAE04EC0-301F-11D3-BF4B-00C04F79EFBC}") = "FizzBuzzLib", "FizzBuzzLib\FizzBuzzLib.csproj", "{F5F7C0E0-A29B-4D53-A8F0-64615447EED9}"
EndProject
Project("{FAE04EC0-301F-11D3-BF4B-00C04F79EFBC}") = "FizzBuzzTests", "FizzBuzzTests\FizzBuzzTests.csproj", "{DE6DD594-153F-4114-B5F9-A2CFDF8897EA}"
EndProject
Global
	GlobalSection(SolutionConfigurationPlatforms) = preSolution
		Debug|Any CPU = Debug|Any CPU
		Release|Any CPU = Release|Any CPU
	EndGlobalSection
	GlobalSection(ProjectConfigurationPlatforms) = postSolution
		{F5F7C0E0-A29B-4D53-A8F0-64615447EED9}.Debug|Any CPU.ActiveCfg = Debug|Any CPU
		{F5F7C0E0-A29B-4D53-A8F0-64615447EED9}.Debug|Any CPU.Build.0 = Debug|Any CPU
		{F5F7C0E0-A29B-4D53-A8F0-64615447EED9}.Release|Any CPU.ActiveCfg = Release|Any CPU
		{F5F7C0E0-A29B-4D53-A8F0-64615447EED9}.Release|Any CPU.Build.0 = Release|Any CPU
		{DE6DD594-153F-4114-B5F9-A2CFDF8897EA}.Debug|Any CPU.ActiveCfg = Debug|Any CPU
		{DE6DD594-153F-4114-B5F9-A2CFDF8897EA}.Debug|Any CPU.Build.0 = Debug|Any CPU
		{DE6DD594-153F-4114-B5F9-A2CFDF8897EA}.Release|Any CPU.ActiveCfg = Release|Any CPU
		{DE6DD594-153F-4114-B5F9-A2CFDF8897EA}.Release|Any CPU.Build.0 = Release|Any CPU
	EndGlobalSection
	GlobalSection(SolutionProperties) = preSolution
		HideSolutionNode = FALSE
	EndGlobalSection
EndGlobal
